
Microsoft Visual Studio Solution File, Format Version 12.00
# Visual Studio Version 17
VisualStudioVersion = 17.2.32516.85
MinimumVisualStudioVersion = 10.0.40219.1
Project("{9A19103F-16F7-4668-BE54-9A1E7A4F7556}") = "VoDA.FtpServer", "VoDA.FtpServer\VoDA.FtpServer.csproj", "{D35D2D4A-3051-4A8E-A151-5750F48B841E}"
EndProject
Project("{FAE04EC0-301F-11D3-BF4B-00C04F79EFBC}") = "Test", "Test\Test.csproj", "{5848ED2F-3122-47C7-BF0C-EBE8E7BC95E1}"
EndProject
Global
	GlobalSection(SolutionConfigurationPlatforms) = preSolution
		Debug|Any CPU = Debug|Any CPU
		Release|Any CPU = Release|Any CPU
	EndGlobalSection
	GlobalSection(ProjectConfigurationPlatforms) = postSolution
		{D35D2D4A-3051-4A8E-A151-5750F48B841E}.Debug|Any CPU.ActiveCfg = Debug|Any CPU
		{D35D2D4A-3051-4A8E-A151-5750F48B841E}.Debug|Any CPU.Build.0 = Debug|Any CPU
		{D35D2D4A-3051-4A8E-A151-5750F48B841E}.Release|Any CPU.ActiveCfg = Release|Any CPU
		{D35D2D4A-3051-4A8E-A151-5750F48B841E}.Release|Any CPU.Build.0 = Release|Any CPU
		{5848ED2F-3122-47C7-BF0C-EBE8E7BC95E1}.Debug|Any CPU.ActiveCfg = Debug|Any CPU
		{5848ED2F-3122-47C7-BF0C-EBE8E7BC95E1}.Debug|Any CPU.Build.0 = Debug|Any CPU
		{5848ED2F-3122-47C7-BF0C-EBE8E7BC95E1}.Release|Any CPU.ActiveCfg = Release|Any CPU
		{5848ED2F-3122-47C7-BF0C-EBE8E7BC95E1}.Release|Any CPU.Build.0 = Release|Any CPU
	EndGlobalSection
	GlobalSection(SolutionProperties) = preSolution
		HideSolutionNode = FALSE
	EndGlobalSection
	GlobalSection(ExtensibilityGlobals) = postSolution
		SolutionGuid = {442FDB19-505C-412F-B13C-ACAE021A9D94}
	EndGlobalSection
EndGlobal
